
Microsoft Visual Studio Solution File, Format Version 12.00
# Visual Studio 14
VisualStudioVersion = 14.0.25420.1
MinimumVisualStudioVersion = 10.0.40219.1
Project("{2150E333-8FDC-42A3-9474-1A3956D46DE8}") = "src", "src", "{084DD334-7AC2-47EC-9EED-713354F8FF7F}"
EndProject
Project("{2150E333-8FDC-42A3-9474-1A3956D46DE8}") = "Solution Items", "Solution Items", "{6C98A39F-D53A-4E89-9B89-946A422D6418}"
	ProjectSection(SolutionItems) = preProject
		global.json = global.json
	EndProjectSection
EndProject
Project("{8BB2217D-0F2D-49D1-97BC-3654ED321F3B}") = "PlayerManager", "src\PlayerManager\PlayerManager.xproj", "{440C505D-2F63-44B1-9E36-A88D3B102CD2}"
EndProject
Global
	GlobalSection(SolutionConfigurationPlatforms) = preSolution
		Debug|Any CPU = Debug|Any CPU
		Release|Any CPU = Release|Any CPU
	EndGlobalSection
	GlobalSection(ProjectConfigurationPlatforms) = postSolution
		{440C505D-2F63-44B1-9E36-A88D3B102CD2}.Debug|Any CPU.ActiveCfg = Debug|Any CPU
		{440C505D-2F63-44B1-9E36-A88D3B102CD2}.Debug|Any CPU.Build.0 = Debug|Any CPU
		{440C505D-2F63-44B1-9E36-A88D3B102CD2}.Release|Any CPU.ActiveCfg = Release|Any CPU
		{440C505D-2F63-44B1-9E36-A88D3B102CD2}.Release|Any CPU.Build.0 = Release|Any CPU
	EndGlobalSection
	GlobalSection(SolutionProperties) = preSolution
		HideSolutionNode = FALSE
	EndGlobalSection
	GlobalSection(NestedProjects) = preSolution
		{440C505D-2F63-44B1-9E36-A88D3B102CD2} = {084DD334-7AC2-47EC-9EED-713354F8FF7F}
	EndGlobalSection
EndGlobal
