
Microsoft Visual Studio Solution File, Format Version 12.00
# Visual Studio 14
VisualStudioVersion = 14.0.25420.1
MinimumVisualStudioVersion = 10.0.40219.1
Project("{2150E333-8FDC-42A3-9474-1A3956D46DE8}") = "src", "src", "{084DD334-7AC2-47EC-9EED-713354F8FF7F}"
EndProject
Project("{2150E333-8FDC-42A3-9474-1A3956D46DE8}") = "Solution Items", "Solution Items", "{6C98A39F-D53A-4E89-9B89-946A422D6418}"
	ProjectSection(SolutionItems) = preProject
		global.json = global.json
	EndProjectSection
EndProject
Project("{FAE04EC0-301F-11D3-BF4B-00C04F79EFBC}") = "Manager", "Manager\Manager.csproj", "{CB90912D-C0A1-4C9A-9DFC-40900A1CDB3F}"
EndProject
Project("{00D1A9C2-B5F0-4AF3-8072-F6C62B433612}") = "ManagerDatabase", "ManagerDatabase\ManagerDatabase.sqlproj", "{103F14AB-40A5-4E73-B57A-3E090CD9AD15}"
EndProject
Global
	GlobalSection(SolutionConfigurationPlatforms) = preSolution
		Debug|Any CPU = Debug|Any CPU
		Release|Any CPU = Release|Any CPU
	EndGlobalSection
	GlobalSection(ProjectConfigurationPlatforms) = postSolution
		{CB90912D-C0A1-4C9A-9DFC-40900A1CDB3F}.Debug|Any CPU.ActiveCfg = Debug|Any CPU
		{CB90912D-C0A1-4C9A-9DFC-40900A1CDB3F}.Debug|Any CPU.Build.0 = Debug|Any CPU
		{CB90912D-C0A1-4C9A-9DFC-40900A1CDB3F}.Release|Any CPU.ActiveCfg = Release|Any CPU
		{CB90912D-C0A1-4C9A-9DFC-40900A1CDB3F}.Release|Any CPU.Build.0 = Release|Any CPU
		{103F14AB-40A5-4E73-B57A-3E090CD9AD15}.Debug|Any CPU.ActiveCfg = Debug|Any CPU
		{103F14AB-40A5-4E73-B57A-3E090CD9AD15}.Debug|Any CPU.Build.0 = Debug|Any CPU
		{103F14AB-40A5-4E73-B57A-3E090CD9AD15}.Debug|Any CPU.Deploy.0 = Debug|Any CPU
		{103F14AB-40A5-4E73-B57A-3E090CD9AD15}.Release|Any CPU.ActiveCfg = Release|Any CPU
		{103F14AB-40A5-4E73-B57A-3E090CD9AD15}.Release|Any CPU.Build.0 = Release|Any CPU
		{103F14AB-40A5-4E73-B57A-3E090CD9AD15}.Release|Any CPU.Deploy.0 = Release|Any CPU
	EndGlobalSection
	GlobalSection(SolutionProperties) = preSolution
		HideSolutionNode = FALSE
	EndGlobalSection
	GlobalSection(NestedProjects) = preSolution
		{CB90912D-C0A1-4C9A-9DFC-40900A1CDB3F} = {084DD334-7AC2-47EC-9EED-713354F8FF7F}
		{103F14AB-40A5-4E73-B57A-3E090CD9AD15} = {084DD334-7AC2-47EC-9EED-713354F8FF7F}
	EndGlobalSection
EndGlobal
